{
  "name": "@types/jenjs__master",
  "version": "0.1.0",
  "lockfileVersion": 3,
  "requires": true,
  "packages": {
    "": {
      "name": "@types/jenjs__master",
      "version": "0.1.0",
      "license": "MIT",
      "devDependencies": {
        "@jenjs/master": "^1.7.7"
      }
    },
    "node_modules/@jenjs/master": {
      "version": "1.7.7",
      "resolved": "https://registry.npmjs.org/@jenjs/master/-/master-1.7.7.tgz",
      "integrity": "sha512-7NcPA/9HUlUYegMSjpeAGkIcEQYh75KdzMbvnCH5lXF+lAyqi2NwaZZGgPuajwPyMNxI4YTyasuXYHgEcauxiw==",
      "dev": true,
      "license": "GPL-3.0-only"
    }
  }
}
